
Microsoft Visual Studio Solution File, Format Version 12.00
# Visual Studio Version 17
VisualStudioVersion = 17.5.33530.505
MinimumVisualStudioVersion = 10.0.40219.1
Project("{FAE04EC0-301F-11D3-BF4B-00C04F79EFBC}") = "AiportGapApiTests", "AiportGapApiTests.csproj", "{26349A68-75BB-47A4-9664-CB8F7F3FBEC7}"
EndProject
Global
	GlobalSection(SolutionConfigurationPlatforms) = preSolution
		Debug|Any CPU = Debug|Any CPU
		Release|Any CPU = Release|Any CPU
	EndGlobalSection
	GlobalSection(ProjectConfigurationPlatforms) = postSolution
		{26349A68-75BB-47A4-9664-CB8F7F3FBEC7}.Debug|Any CPU.ActiveCfg = Debug|Any CPU
		{26349A68-75BB-47A4-9664-CB8F7F3FBEC7}.Debug|Any CPU.Build.0 = Debug|Any CPU
		{26349A68-75BB-47A4-9664-CB8F7F3FBEC7}.Release|Any CPU.ActiveCfg = Release|Any CPU
		{26349A68-75BB-47A4-9664-CB8F7F3FBEC7}.Release|Any CPU.Build.0 = Release|Any CPU
	EndGlobalSection
	GlobalSection(SolutionProperties) = preSolution
		HideSolutionNode = FALSE
	EndGlobalSection
	GlobalSection(ExtensibilityGlobals) = postSolution
		SolutionGuid = {53411822-454B-40A4-BA85-64746FBF9C8A}
	EndGlobalSection
EndGlobal
